
Microsoft Visual Studio Solution File, Format Version 11.00
# Visual Studio 2010
Project("{FAE04EC0-301F-11D3-BF4B-00C04F79EFBC}") = "Nancy.Markdown.Demo", "Nancy.Markdown.Demo\Nancy.Markdown.Demo.csproj", "{B6929D0B-5104-4C7E-979D-F4914E813FA6}"
EndProject
Project("{FAE04EC0-301F-11D3-BF4B-00C04F79EFBC}") = "Nancy.Markdown", "Nancy.Markdown\Nancy.Markdown.csproj", "{864AF449-0902-44FC-BEEE-06BA9A6F4A8F}"
EndProject
Global
	GlobalSection(SolutionConfigurationPlatforms) = preSolution
		Debug|Any CPU = Debug|Any CPU
		Release|Any CPU = Release|Any CPU
	EndGlobalSection
	GlobalSection(ProjectConfigurationPlatforms) = postSolution
		{864AF449-0902-44FC-BEEE-06BA9A6F4A8F}.Debug|Any CPU.ActiveCfg = Debug|Any CPU
		{864AF449-0902-44FC-BEEE-06BA9A6F4A8F}.Debug|Any CPU.Build.0 = Debug|Any CPU
		{864AF449-0902-44FC-BEEE-06BA9A6F4A8F}.Release|Any CPU.ActiveCfg = Release|Any CPU
		{864AF449-0902-44FC-BEEE-06BA9A6F4A8F}.Release|Any CPU.Build.0 = Release|Any CPU
		{B6929D0B-5104-4C7E-979D-F4914E813FA6}.Debug|Any CPU.ActiveCfg = Debug|Any CPU
		{B6929D0B-5104-4C7E-979D-F4914E813FA6}.Debug|Any CPU.Build.0 = Debug|Any CPU
		{B6929D0B-5104-4C7E-979D-F4914E813FA6}.Release|Any CPU.ActiveCfg = Release|Any CPU
		{B6929D0B-5104-4C7E-979D-F4914E813FA6}.Release|Any CPU.Build.0 = Release|Any CPU
		{4E489348-2467-4E50-AD57-B56BF20BF647}.Debug|Any CPU.ActiveCfg = Debug|Any CPU
		{4E489348-2467-4E50-AD57-B56BF20BF647}.Debug|Any CPU.Build.0 = Debug|Any CPU
		{4E489348-2467-4E50-AD57-B56BF20BF647}.Release|Any CPU.ActiveCfg = Release|Any CPU
		{4E489348-2467-4E50-AD57-B56BF20BF647}.Release|Any CPU.Build.0 = Release|Any CPU
	EndGlobalSection
	GlobalSection(MonoDevelopProperties) = preSolution
		StartupItem = Nancy.Markdown.Demo\Nancy.Markdown.Demo.csproj
	EndGlobalSection
EndGlobal
